// !$*UTF8*$!
{
	archiveVersion = 1;
	classes = {
	};
	objectVersion = 50;
	objects = {

/* Begin PBXBuildFile section */
		E9697EAF22760C1100BF36E4 /* AppDelegate.swift in Sources */ = {isa = PBXBuildFile; fileRef = E9697EAE22760C1100BF36E4 /* AppDelegate.swift */; };
		E9697EB122760C1100BF36E4 /* HomeViewController.swift in Sources */ = {isa = PBXBuildFile; fileRef = E9697EB022760C1100BF36E4 /* HomeViewController.swift */; };
		E9697EB422760C1100BF36E4 /* Main.storyboard in Resources */ = {isa = PBXBuildFile; fileRef = E9697EB222760C1100BF36E4 /* Main.storyboard */; };
		E9697EB622760C1200BF36E4 /* Assets.xcassets in Resources */ = {isa = PBXBuildFile; fileRef = E9697EB522760C1200BF36E4 /* Assets.xcassets */; };
		E9697EB922760C1200BF36E4 /* LaunchScreen.storyboard in Resources */ = {isa = PBXBuildFile; fileRef = E9697EB722760C1200BF36E4 /* LaunchScreen.storyboard */; };
		E9697EC422760C1200BF36E4 /* HomeViewControllerTests.swift in Sources */ = {isa = PBXBuildFile; fileRef = E9697EC322760C1200BF36E4 /* HomeViewControllerTests.swift */; };
/* End PBXBuildFile section */

/* Begin PBXContainerItemProxy section */
		E9697EC022760C1200BF36E4 /* PBXContainerItemProxy */ = {
			isa = PBXContainerItemProxy;
			containerPortal = E9697EA322760C1000BF36E4 /* Project object */;
			proxyType = 1;
			remoteGlobalIDString = E9697EAA22760C1100BF36E4;
			remoteInfo = MilosDimicProducerConsumer;
		};
/* End PBXContainerItemProxy section */

/* Begin PBXFileReference section */
		E9697EAB22760C1100BF36E4 /* MilosDimicProducerConsumer.app */ = {isa = PBXFileReference; explicitFileType = wrapper.application; includeInIndex = 0; path = MilosDimicProducerConsumer.app; sourceTree = BUILT_PRODUCTS_DIR; };
		E9697EAE22760C1100BF36E4 /* AppDelegate.swift */ = {isa = PBXFileReference; lastKnownFileType = sourcecode.swift; path = AppDelegate.swift; sourceTree = "<group>"; };
		E9697EB022760C1100BF36E4 /* HomeViewController.swift */ = {isa = PBXFileReference; lastKnownFileType = sourcecode.swift; path = HomeViewController.swift; sourceTree = "<group>"; };
		E9697EB322760C1100BF36E4 /* Base */ = {isa = PBXFileReference; lastKnownFileType = file.storyboard; name = Base; path = Base.lproj/Main.storyboard; sourceTree = "<group>"; };
		E9697EB522760C1200BF36E4 /* Assets.xcassets */ = {isa = PBXFileReference; lastKnownFileType = folder.assetcatalog; path = Assets.xcassets; sourceTree = "<group>"; };
		E9697EB822760C1200BF36E4 /* Base */ = {isa = PBXFileReference; lastKnownFileType = file.storyboard; name = Base; path = Base.lproj/LaunchScreen.storyboard; sourceTree = "<group>"; };
		E9697EBA22760C1200BF36E4 /* Info.plist */ = {isa = PBXFileReference; lastKnownFileType = text.plist.xml; path = Info.plist; sourceTree = "<group>"; };
		E9697EBF22760C1200BF36E4 /* MilosDimicProducerConsumerTests.xctest */ = {isa = PBXFileReference; explicitFileType = wrapper.cfbundle; includeInIndex = 0; path = MilosDimicProducerConsumerTests.xctest; sourceTree = BUILT_PRODUCTS_DIR; };
		E9697EC322760C1200BF36E4 /* HomeViewControllerTests.swift */ = {isa = PBXFileReference; lastKnownFileType = sourcecode.swift; path = HomeViewControllerTests.swift; sourceTree = "<group>"; };
		E9697EC522760C1200BF36E4 /* Info.plist */ = {isa = PBXFileReference; lastKnownFileType = text.plist.xml; path = Info.plist; sourceTree = "<group>"; };
/* End PBXFileReference section */

/* Begin PBXFrameworksBuildPhase section */
		E9697EA822760C1100BF36E4 /* Frameworks */ = {
			isa = PBXFrameworksBuildPhase;
			buildActionMask = 2147483647;
			files = (
			);
			runOnlyForDeploymentPostprocessing = 0;
		};
		E9697EBC22760C1200BF36E4 /* Frameworks */ = {
			isa = PBXFrameworksBuildPhase;
			buildActionMask = 2147483647;
			files = (
			);
			runOnlyForDeploymentPostprocessing = 0;
		};
/* End PBXFrameworksBuildPhase section */

/* Begin PBXGroup section */
		E9697EA222760C1000BF36E4 = {
			isa = PBXGroup;
			children = (
				E9697EAD22760C1100BF36E4 /* MilosDimicProducerConsumer */,
				E9697EC222760C1200BF36E4 /* MilosDimicProducerConsumerTests */,
				E9697EAC22760C1100BF36E4 /* Products */,
			);
			sourceTree = "<group>";
		};
		E9697EAC22760C1100BF36E4 /* Products */ = {
			isa = PBXGroup;
			children = (
				E9697EAB22760C1100BF36E4 /* MilosDimicProducerConsumer.app */,
				E9697EBF22760C1200BF36E4 /* MilosDimicProducerConsumerTests.xctest */,
			);
			name = Products;
			sourceTree = "<group>";
		};
		E9697EAD22760C1100BF36E4 /* MilosDimicProducerConsumer */ = {
			isa = PBXGroup;
			children = (
				E9697EAE22760C1100BF36E4 /* AppDelegate.swift */,
				E9697EB022760C1100BF36E4 /* HomeViewController.swift */,
				E9697EB222760C1100BF36E4 /* Main.storyboard */,
				E9697EB522760C1200BF36E4 /* Assets.xcassets */,
				E9697EB722760C1200BF36E4 /* LaunchScreen.storyboard */,
				E9697EBA22760C1200BF36E4 /* Info.plist */,
			);
			path = MilosDimicProducerConsumer;
			sourceTree = "<group>";
		};
		E9697EC222760C1200BF36E4 /* MilosDimicProducerConsumerTests */ = {
			isa = PBXGroup;
			children = (
				E9697EC322760C1200BF36E4 /* HomeViewControllerTests.swift */,
				E9697EC522760C1200BF36E4 /* Info.plist */,
			);
			path = MilosDimicProducerConsumerTests;
			sourceTree = "<group>";
		};
/* End PBXGroup section */

/* Begin PBXNativeTarget section */
		E9697EAA22760C1100BF36E4 /* MilosDimicProducerConsumer */ = {
			isa = PBXNativeTarget;
			buildConfigurationList = E9697EC822760C1200BF36E4 /* Build configuration list for PBXNativeTarget "MilosDimicProducerConsumer" */;
			buildPhases = (
				E9697EA722760C1100BF36E4 /* Sources */,
				E9697EA822760C1100BF36E4 /* Frameworks */,
				E9697EA922760C1100BF36E4 /* Resources */,
			);
			buildRules = (
			);
			dependencies = (
			);
			name = MilosDimicProducerConsumer;
			productName = MilosDimicProducerConsumer;
			productReference = E9697EAB22760C1100BF36E4 /* MilosDimicProducerConsumer.app */;
			productType = "com.apple.product-type.application";
		};
		E9697EBE22760C1200BF36E4 /* MilosDimicProducerConsumerTests */ = {
			isa = PBXNativeTarget;
			buildConfigurationList = E9697ECB22760C1200BF36E4 /* Build configuration list for PBXNativeTarget "MilosDimicProducerConsumerTests" */;
			buildPhases = (
				E9697EBB22760C1200BF36E4 /* Sources */,
				E9697EBC22760C1200BF36E4 /* Frameworks */,
				E9697EBD22760C1200BF36E4 /* Resources */,
			);
			buildRules = (
			);
			dependencies = (
				E9697EC122760C1200BF36E4 /* PBXTargetDependency */,
			);
			name = MilosDimicProducerConsumerTests;
			productName = MilosDimicProducerConsumerTests;
			productReference = E9697EBF22760C1200BF36E4 /* MilosDimicProducerConsumerTests.xctest */;
			productType = "com.apple.product-type.bundle.unit-test";
		};
/* End PBXNativeTarget section */

/* Begin PBXProject section */
		E9697EA322760C1000BF36E4 /* Project object */ = {
			isa = PBXProject;
			attributes = {
				LastSwiftUpdateCheck = 1020;
				LastUpgradeCheck = 1020;
				ORGANIZATIONNAME = "Dimic Milos";
				TargetAttributes = {
					E9697EAA22760C1100BF36E4 = {
						CreatedOnToolsVersion = 10.2.1;
					};
					E9697EBE22760C1200BF36E4 = {
						CreatedOnToolsVersion = 10.2.1;
						TestTargetID = E9697EAA22760C1100BF36E4;
					};
				};
			};
			buildConfigurationList = E9697EA622760C1000BF36E4 /* Build configuration list for PBXProject "MilosDimicProducerConsumer" */;
			compatibilityVersion = "Xcode 9.3";
			developmentRegion = en;
			hasScannedForEncodings = 0;
			knownRegions = (
				en,
				Base,
			);
			mainGroup = E9697EA222760C1000BF36E4;
			productRefGroup = E9697EAC22760C1100BF36E4 /* Products */;
			projectDirPath = "";
			projectRoot = "";
			targets = (
				E9697EAA22760C1100BF36E4 /* MilosDimicProducerConsumer */,
				E9697EBE22760C1200BF36E4 /* MilosDimicProducerConsumerTests */,
			);
		};
/* End PBXProject section */

/* Begin PBXResourcesBuildPhase section */
		E9697EA922760C1100BF36E4 /* Resources */ = {
			isa = PBXResourcesBuildPhase;
			buildActionMask = 2147483647;
			files = (
				E9697EB922760C1200BF36E4 /* LaunchScreen.storyboard in Resources */,
				E9697EB622760C1200BF36E4 /* Assets.xcassets in Resources */,
				E9697EB422760C1100BF36E4 /* Main.storyboard in Resources */,
			);
			runOnlyForDeploymentPostprocessing = 0;
		};
		E9697EBD22760C1200BF36E4 /* Resources */ = {
			isa = PBXResourcesBuildPhase;
			buildActionMask = 2147483647;
			files = (
			);
			runOnlyForDeploymentPostprocessing = 0;
		};
/* End PBXResourcesBuildPhase section */

/* Begin PBXSourcesBuildPhase section */
		E9697EA722760C1100BF36E4 /* Sources */ = {
			isa = PBXSourcesBuildPhase;
			buildActionMask = 2147483647;
			files = (
				E9697EB122760C1100BF36E4 /* HomeViewController.swift in Sources */,
				E9697EAF22760C1100BF36E4 /* AppDelegate.swift in Sources */,
			);
			runOnlyForDeploymentPostprocessing = 0;
		};
		E9697EBB22760C1200BF36E4 /* Sources */ = {
			isa = PBXSourcesBuildPhase;
			buildActionMask = 2147483647;
			files = (
				E9697EC422760C1200BF36E4 /* HomeViewControllerTests.swift in Sources */,
			);
			runOnlyForDeploymentPostprocessing = 0;
		};
/* End PBXSourcesBuildPhase section */

/* Begin PBXTargetDependency section */
		E9697EC122760C1200BF36E4 /* PBXTargetDependency */ = {
			isa = PBXTargetDependency;
			target = E9697EAA22760C1100BF36E4 /* MilosDimicProducerConsumer */;
			targetProxy = E9697EC022760C1200BF36E4 /* PBXContainerItemProxy */;
		};
/* End PBXTargetDependency section */

/* Begin PBXVariantGroup section */
		E9697EB222760C1100BF36E4 /* Main.storyboard */ = {
			isa = PBXVariantGroup;
			children = (
				E9697EB322760C1100BF36E4 /* Base */,
			);
			name = Main.storyboard;
			sourceTree = "<group>";
		};
		E9697EB722760C1200BF36E4 /* LaunchScreen.storyboard */ = {
			isa = PBXVariantGroup;
			children = (
				E9697EB822760C1200BF36E4 /* Base */,
			);
			name = LaunchScreen.storyboard;
			sourceTree = "<group>";
		};
/* End PBXVariantGroup section */

/* Begin XCBuildConfiguration section */
		E9697EC622760C1200BF36E4 /* Debug */ = {
			isa = XCBuildConfiguration;
			buildSettings = {
				ALWAYS_SEARCH_USER_PATHS = NO;
				CLANG_ANALYZER_NONNULL = YES;
				CLANG_ANALYZER_NUMBER_OBJECT_CONVERSION = YES_AGGRESSIVE;
				CLANG_CXX_LANGUAGE_STANDARD = "gnu++14";
				CLANG_CXX_LIBRARY = "libc++";
				CLANG_ENABLE_MODULES = YES;
				CLANG_ENABLE_OBJC_ARC = YES;
				CLANG_ENABLE_OBJC_WEAK = YES;
				CLANG_WARN_BLOCK_CAPTURE_AUTORELEASING = YES;
				CLANG_WARN_BOOL_CONVERSION = YES;
				CLANG_WARN_COMMA = YES;
				CLANG_WARN_CONSTANT_CONVERSION = YES;
				CLANG_WARN_DEPRECATED_OBJC_IMPLEMENTATIONS = YES;
				CLANG_WARN_DIRECT_OBJC_ISA_USAGE = YES_ERROR;
				CLANG_WARN_DOCUMENTATION_COMMENTS = YES;
				CLANG_WARN_EMPTY_BODY = YES;
				CLANG_WARN_ENUM_CONVERSION = YES;
				CLANG_WARN_INFINITE_RECURSION = YES;
				CLANG_WARN_INT_CONVERSION = YES;
				CLANG_WARN_NON_LITERAL_NULL_CONVERSION = YES;
				CLANG_WARN_OBJC_IMPLICIT_RETAIN_SELF = YES;
				CLANG_WARN_OBJC_LITERAL_CONVERSION = YES;
				CLANG_WARN_OBJC_ROOT_CLASS = YES_ERROR;
				CLANG_WARN_RANGE_LOOP_ANALYSIS = YES;
				CLANG_WARN_STRICT_PROTOTYPES = YES;
				CLANG_WARN_SUSPICIOUS_MOVE = YES;
				CLANG_WARN_UNGUARDED_AVAILABILITY = YES_AGGRESSIVE;
				CLANG_WARN_UNREACHABLE_CODE = YES;
				CLANG_WARN__DUPLICATE_METHOD_MATCH = YES;
				CODE_SIGN_IDENTITY = "iPhone Developer";
				COPY_PHASE_STRIP = NO;
				DEBUG_INFORMATION_FORMAT = dwarf;
				ENABLE_STRICT_OBJC_MSGSEND = YES;
				ENABLE_TESTABILITY = YES;
				GCC_C_LANGUAGE_STANDARD = gnu11;
				GCC_DYNAMIC_NO_PIC = NO;
				GCC_NO_COMMON_BLOCKS = YES;
				GCC_OPTIMIZATION_LEVEL = 0;
				GCC_PREPROCESSOR_DEFINITIONS = (
					"DEBUG=1",
					"$(inherited)",
				);
				GCC_WARN_64_TO_32_BIT_CONVERSION = YES;
				GCC_WARN_ABOUT_RETURN_TYPE = YES_ERROR;
				GCC_WARN_UNDECLARED_SELECTOR = YES;
				GCC_WARN_UNINITIALIZED_AUTOS = YES_AGGRESSIVE;
				GCC_WARN_UNUSED_FUNCTION = YES;
				GCC_WARN_UNUSED_VARIABLE = YES;
				IPHONEOS_DEPLOYMENT_TARGET = 12.2;
				MTL_ENABLE_DEBUG_INFO = INCLUDE_SOURCE;
				MTL_FAST_MATH = YES;
				ONLY_ACTIVE_ARCH = YES;
				SDKROOT = iphoneos;
				SWIFT_ACTIVE_COMPILATION_CONDITIONS = DEBUG;
				SWIFT_OPTIMIZATION_LEVEL = "-Onone";
			};
			name = Debug;
		};
		E9697EC722760C1200BF36E4 /* Release */ = {
			isa = XCBuildConfiguration;
			buildSettings = {
				ALWAYS_SEARCH_USER_PATHS = NO;
				CLANG_ANALYZER_NONNULL = YES;
				CLANG_ANALYZER_NUMBER_OBJECT_CONVERSION = YES_AGGRESSIVE;
				CLANG_CXX_LANGUAGE_STANDARD = "gnu++14";
				CLANG_CXX_LIBRARY = "libc++";
				CLANG_ENABLE_MODULES = YES;
				CLANG_ENABLE_OBJC_ARC = YES;
				CLANG_ENABLE_OBJC_WEAK = YES;
				CLANG_WARN_BLOCK_CAPTURE_AUTORELEASING = YES;
				CLANG_WARN_BOOL_CONVERSION = YES;
				CLANG_WARN_COMMA = YES;
				CLANG_WARN_CONSTANT_CONVERSION = YES;
				CLANG_WARN_DEPRECATED_OBJC_IMPLEMENTATIONS = YES;
				CLANG_WARN_DIRECT_OBJC_ISA_USAGE = YES_ERROR;
				CLANG_WARN_DOCUMENTATION_COMMENTS = YES;
				CLANG_WARN_EMPTY_BODY = YES;
				CLANG_WARN_ENUM_CONVERSION = YES;
				CLANG_WARN_INFINITE_RECURSION = YES;
				CLANG_WARN_INT_CONVERSION = YES;
				CLANG_WARN_NON_LITERAL_NULL_CONVERSION = YES;
				CLANG_WARN_OBJC_IMPLICIT_RETAIN_SELF = YES;
				CLANG_WARN_OBJC_LITERAL_CONVERSION = YES;
				CLANG_WARN_OBJC_ROOT_CLASS = YES_ERROR;
				CLANG_WARN_RANGE_LOOP_ANALYSIS = YES;
				CLANG_WARN_STRICT_PROTOTYPES = YES;
				CLANG_WARN_SUSPICIOUS_MOVE = YES;
				CLANG_WARN_UNGUARDED_AVAILABILITY = YES_AGGRESSIVE;
				CLANG_WARN_UNREACHABLE_CODE = YES;
				CLANG_WARN__DUPLICATE_METHOD_MATCH = YES;
				CODE_SIGN_IDENTITY = "iPhone Developer";
				COPY_PHASE_STRIP = NO;
				DEBUG_INFORMATION_FORMAT = "dwarf-with-dsym";
				ENABLE_NS_ASSERTIONS = NO;
				ENABLE_STRICT_OBJC_MSGSEND = YES;
				GCC_C_LANGUAGE_STANDARD = gnu11;
				GCC_NO_COMMON_BLOCKS = YES;
				GCC_WARN_64_TO_32_BIT_CONVERSION = YES;
				GCC_WARN_ABOUT_RETURN_TYPE = YES_ERROR;
				GCC_WARN_UNDECLARED_SELECTOR = YES;
				GCC_WARN_UNINITIALIZED_AUTOS = YES_AGGRESSIVE;
				GCC_WARN_UNUSED_FUNCTION = YES;
				GCC_WARN_UNUSED_VARIABLE = YES;
				IPHONEOS_DEPLOYMENT_TARGET = 12.2;
				MTL_ENABLE_DEBUG_INFO = NO;
				MTL_FAST_MATH = YES;
				SDKROOT = iphoneos;
				SWIFT_COMPILATION_MODE = wholemodule;
				SWIFT_OPTIMIZATION_LEVEL = "-O";
				VALIDATE_PRODUCT = YES;
			};
			name = Release;
		};
		E9697EC922760C1200BF36E4 /* Debug */ = {
			isa = XCBuildConfiguration;
			buildSettings = {
				ASSETCATALOG_COMPILER_APPICON_NAME = AppIcon;
				CODE_SIGN_STYLE = Automatic;
				DEVELOPMENT_TEAM = 82A5QR42VN;
				INFOPLIST_FILE = MilosDimicProducerConsumer/Info.plist;
				LD_RUNPATH_SEARCH_PATHS = (
					"$(inherited)",
					"@executable_path/Frameworks",
				);
				PRODUCT_BUNDLE_IDENTIFIER = kikokiko.MilosDimicProducerConsumer;
				PRODUCT_NAME = "$(TARGET_NAME)";
				SWIFT_VERSION = 5.0;
				TARGETED_DEVICE_FAMILY = "1,2";
			};
			name = Debug;
		};
		E9697ECA22760C1200BF36E4 /* Release */ = {
			isa = XCBuildConfiguration;
			buildSettings = {
				ASSETCATALOG_COMPILER_APPICON_NAME = AppIcon;
				CODE_SIGN_STYLE = Automatic;
				DEVELOPMENT_TEAM = 82A5QR42VN;
				INFOPLIST_FILE = MilosDimicProducerConsumer/Info.plist;
				LD_RUNPATH_SEARCH_PATHS = (
					"$(inherited)",
					"@executable_path/Frameworks",
				);
				PRODUCT_BUNDLE_IDENTIFIER = kikokiko.MilosDimicProducerConsumer;
				PRODUCT_NAME = "$(TARGET_NAME)";
				SWIFT_VERSION = 5.0;
				TARGETED_DEVICE_FAMILY = "1,2";
			};
			name = Release;
		};
		E9697ECC22760C1200BF36E4 /* Debug */ = {
			isa = XCBuildConfiguration;
			buildSettings = {
				ALWAYS_EMBED_SWIFT_STANDARD_LIBRARIES = YES;
				BUNDLE_LOADER = "$(TEST_HOST)";
				CODE_SIGN_STYLE = Automatic;
				DEVELOPMENT_TEAM = 82A5QR42VN;
				INFOPLIST_FILE = MilosDimicProducerConsumerTests/Info.plist;
				LD_RUNPATH_SEARCH_PATHS = (
					"$(inherited)",
					"@executable_path/Frameworks",
					"@loader_path/Frameworks",
				);
				PRODUCT_BUNDLE_IDENTIFIER = kikokiko.MilosDimicProducerConsumerTests;
				PRODUCT_NAME = "$(TARGET_NAME)";
				SWIFT_VERSION = 5.0;
				TARGETED_DEVICE_FAMILY = "1,2";
				TEST_HOST = "$(BUILT_PRODUCTS_DIR)/MilosDimicProducerConsumer.app/MilosDimicProducerConsumer";
			};
			name = Debug;
		};
		E9697ECD22760C1200BF36E4 /* Release */ = {
			isa = XCBuildConfiguration;
			buildSettings = {
				ALWAYS_EMBED_SWIFT_STANDARD_LIBRARIES = YES;
				BUNDLE_LOADER = "$(TEST_HOST)";
				CODE_SIGN_STYLE = Automatic;
				DEVELOPMENT_TEAM = 82A5QR42VN;
				INFOPLIST_FILE = MilosDimicProducerConsumerTests/Info.plist;
				LD_RUNPATH_SEARCH_PATHS = (
					"$(inherited)",
					"@executable_path/Frameworks",
					"@loader_path/Frameworks",
				);
				PRODUCT_BUNDLE_IDENTIFIER = kikokiko.MilosDimicProducerConsumerTests;
				PRODUCT_NAME = "$(TARGET_NAME)";
				SWIFT_VERSION = 5.0;
				TARGETED_DEVICE_FAMILY = "1,2";
				TEST_HOST = "$(BUILT_PRODUCTS_DIR)/MilosDimicProducerConsumer.app/MilosDimicProducerConsumer";
			};
			name = Release;
		};
/* End XCBuildConfiguration section */

/* Begin XCConfigurationList section */
		E9697EA622760C1000BF36E4 /* Build configuration list for PBXProject "MilosDimicProducerConsumer" */ = {
			isa = XCConfigurationList;
			buildConfigurations = (
				E9697EC622760C1200BF36E4 /* Debug */,
				E9697EC722760C1200BF36E4 /* Release */,
			);
			defaultConfigurationIsVisible = 0;
			defaultConfigurationName = Release;
		};
		E9697EC822760C1200BF36E4 /* Build configuration list for PBXNativeTarget "MilosDimicProducerConsumer" */ = {
			isa = XCConfigurationList;
			buildConfigurations = (
				E9697EC922760C1200BF36E4 /* Debug */,
				E9697ECA22760C1200BF36E4 /* Release */,
			);
			defaultConfigurationIsVisible = 0;
			defaultConfigurationName = Release;
		};
		E9697ECB22760C1200BF36E4 /* Build configuration list for PBXNativeTarget "MilosDimicProducerConsumerTests" */ = {
			isa = XCConfigurationList;
			buildConfigurations = (
				E9697ECC22760C1200BF36E4 /* Debug */,
				E9697ECD22760C1200BF36E4 /* Release */,
			);
			defaultConfigurationIsVisible = 0;
			defaultConfigurationName = Release;
		};
/* End XCConfigurationList section */
	};
	rootObject = E9697EA322760C1000BF36E4 /* Project object */;
}
